
Microsoft Visual Studio Solution File, Format Version 12.00
# Visual Studio Version 17
VisualStudioVersion = 17.5.002.0
MinimumVisualStudioVersion = 10.0.40219.1
Project("{9A19103F-16F7-4668-BE54-9A1E7A4F7556}") = "KarateChopKata", "KarateChopKata\KarateChopKata.csproj", "{A93A384F-3DAD-4FF9-ABE1-0E6669319DE4}"
EndProject
Global
	GlobalSection(SolutionConfigurationPlatforms) = preSolution
		Debug|Any CPU = Debug|Any CPU
		Release|Any CPU = Release|Any CPU
	EndGlobalSection
	GlobalSection(ProjectConfigurationPlatforms) = postSolution
		{A93A384F-3DAD-4FF9-ABE1-0E6669319DE4}.Debug|Any CPU.ActiveCfg = Debug|Any CPU
		{A93A384F-3DAD-4FF9-ABE1-0E6669319DE4}.Debug|Any CPU.Build.0 = Debug|Any CPU
		{A93A384F-3DAD-4FF9-ABE1-0E6669319DE4}.Release|Any CPU.ActiveCfg = Release|Any CPU
		{A93A384F-3DAD-4FF9-ABE1-0E6669319DE4}.Release|Any CPU.Build.0 = Release|Any CPU
	EndGlobalSection
	GlobalSection(SolutionProperties) = preSolution
		HideSolutionNode = FALSE
	EndGlobalSection
	GlobalSection(ExtensibilityGlobals) = postSolution
		SolutionGuid = {D5FC91A2-3876-4158-A74C-A4AF5A6501A5}
	EndGlobalSection
EndGlobal
